// !$*UTF8*$!
{
	archiveVersion = 1;
	classes = {
	};
	objectVersion = 48;
	objects = {

/* Begin PBXBuildFile section */
		8A71938A1F7AD86E00CD2716 /* Calculator_256.png in Resources */ = {isa = PBXBuildFile; fileRef = 8A7193891F7AD86D00CD2716 /* Calculator_256.png */; };
		8ADA6F671F771FB300835E3E /* AppDelegate.swift in Sources */ = {isa = PBXBuildFile; fileRef = 8ADA6F661F771FB300835E3E /* AppDelegate.swift */; };
		8ADA6F691F771FB300835E3E /* ViewController.swift in Sources */ = {isa = PBXBuildFile; fileRef = 8ADA6F681F771FB300835E3E /* ViewController.swift */; };
		8ADA6F6C1F771FB300835E3E /* Main.storyboard in Resources */ = {isa = PBXBuildFile; fileRef = 8ADA6F6A1F771FB300835E3E /* Main.storyboard */; };
		8ADA6F6E1F771FB300835E3E /* Assets.xcassets in Resources */ = {isa = PBXBuildFile; fileRef = 8ADA6F6D1F771FB300835E3E /* Assets.xcassets */; };
		8ADA6F711F771FB300835E3E /* LaunchScreen.storyboard in Resources */ = {isa = PBXBuildFile; fileRef = 8ADA6F6F1F771FB300835E3E /* LaunchScreen.storyboard */; };
		8ADA6F7C1F771FB300835E3E /* CalculatorTests.swift in Sources */ = {isa = PBXBuildFile; fileRef = 8ADA6F7B1F771FB300835E3E /* CalculatorTests.swift */; };
		8ADA6F871F771FB300835E3E /* CalculatorUITests.swift in Sources */ = {isa = PBXBuildFile; fileRef = 8ADA6F861F771FB300835E3E /* CalculatorUITests.swift */; };
/* End PBXBuildFile section */

/* Begin PBXContainerItemProxy section */
		8ADA6F781F771FB300835E3E /* PBXContainerItemProxy */ = {
			isa = PBXContainerItemProxy;
			containerPortal = 8ADA6F5B1F771FB300835E3E /* Project object */;
			proxyType = 1;
			remoteGlobalIDString = 8ADA6F621F771FB300835E3E;
			remoteInfo = Calculator;
		};
		8ADA6F831F771FB300835E3E /* PBXContainerItemProxy */ = {
			isa = PBXContainerItemProxy;
			containerPortal = 8ADA6F5B1F771FB300835E3E /* Project object */;
			proxyType = 1;
			remoteGlobalIDString = 8ADA6F621F771FB300835E3E;
			remoteInfo = Calculator;
		};
/* End PBXContainerItemProxy section */

/* Begin PBXFileReference section */
		8A7193891F7AD86D00CD2716 /* Calculator_256.png */ = {isa = PBXFileReference; lastKnownFileType = image.png; name = Calculator_256.png; path = ../../../../Desktop/Calculator_256.png; sourceTree = "<group>"; };
		8ADA6F631F771FB300835E3E /* Calculator.app */ = {isa = PBXFileReference; explicitFileType = wrapper.application; includeInIndex = 0; path = Calculator.app; sourceTree = BUILT_PRODUCTS_DIR; };
		8ADA6F661F771FB300835E3E /* AppDelegate.swift */ = {isa = PBXFileReference; lastKnownFileType = sourcecode.swift; path = AppDelegate.swift; sourceTree = "<group>"; };
		8ADA6F681F771FB300835E3E /* ViewController.swift */ = {isa = PBXFileReference; lastKnownFileType = sourcecode.swift; path = ViewController.swift; sourceTree = "<group>"; };
		8ADA6F6B1F771FB300835E3E /* Base */ = {isa = PBXFileReference; lastKnownFileType = file.storyboard; name = Base; path = Base.lproj/Main.storyboard; sourceTree = "<group>"; };
		8ADA6F6D1F771FB300835E3E /* Assets.xcassets */ = {isa = PBXFileReference; lastKnownFileType = folder.assetcatalog; path = Assets.xcassets; sourceTree = "<group>"; };
		8ADA6F701F771FB300835E3E /* Base */ = {isa = PBXFileReference; lastKnownFileType = file.storyboard; name = Base; path = Base.lproj/LaunchScreen.storyboard; sourceTree = "<group>"; };
		8ADA6F721F771FB300835E3E /* Info.plist */ = {isa = PBXFileReference; lastKnownFileType = text.plist.xml; path = Info.plist; sourceTree = "<group>"; };
		8ADA6F771F771FB300835E3E /* CalculatorTests.xctest */ = {isa = PBXFileReference; explicitFileType = wrapper.cfbundle; includeInIndex = 0; path = CalculatorTests.xctest; sourceTree = BUILT_PRODUCTS_DIR; };
		8ADA6F7B1F771FB300835E3E /* CalculatorTests.swift */ = {isa = PBXFileReference; lastKnownFileType = sourcecode.swift; path = CalculatorTests.swift; sourceTree = "<group>"; };
		8ADA6F7D1F771FB300835E3E /* Info.plist */ = {isa = PBXFileReference; lastKnownFileType = text.plist.xml; path = Info.plist; sourceTree = "<group>"; };
		8ADA6F821F771FB300835E3E /* CalculatorUITests.xctest */ = {isa = PBXFileReference; explicitFileType = wrapper.cfbundle; includeInIndex = 0; path = CalculatorUITests.xctest; sourceTree = BUILT_PRODUCTS_DIR; };
		8ADA6F861F771FB300835E3E /* CalculatorUITests.swift */ = {isa = PBXFileReference; lastKnownFileType = sourcecode.swift; path = CalculatorUITests.swift; sourceTree = "<group>"; };
		8ADA6F881F771FB300835E3E /* Info.plist */ = {isa = PBXFileReference; lastKnownFileType = text.plist.xml; path = Info.plist; sourceTree = "<group>"; };
/* End PBXFileReference section */

/* Begin PBXFrameworksBuildPhase section */
		8ADA6F601F771FB300835E3E /* Frameworks */ = {
			isa = PBXFrameworksBuildPhase;
			buildActionMask = 2147483647;
			files = (
			);
			runOnlyForDeploymentPostprocessing = 0;
		};
		8ADA6F741F771FB300835E3E /* Frameworks */ = {
			isa = PBXFrameworksBuildPhase;
			buildActionMask = 2147483647;
			files = (
			);
			runOnlyForDeploymentPostprocessing = 0;
		};
		8ADA6F7F1F771FB300835E3E /* Frameworks */ = {
			isa = PBXFrameworksBuildPhase;
			buildActionMask = 2147483647;
			files = (
			);
			runOnlyForDeploymentPostprocessing = 0;
		};
/* End PBXFrameworksBuildPhase section */

/* Begin PBXGroup section */
		8ADA6F5A1F771FB300835E3E = {
			isa = PBXGroup;
			children = (
				8ADA6F651F771FB300835E3E /* Calculator */,
				8ADA6F7A1F771FB300835E3E /* CalculatorTests */,
				8ADA6F851F771FB300835E3E /* CalculatorUITests */,
				8ADA6F641F771FB300835E3E /* Products */,
			);
			sourceTree = "<group>";
		};
		8ADA6F641F771FB300835E3E /* Products */ = {
			isa = PBXGroup;
			children = (
				8ADA6F631F771FB300835E3E /* Calculator.app */,
				8ADA6F771F771FB300835E3E /* CalculatorTests.xctest */,
				8ADA6F821F771FB300835E3E /* CalculatorUITests.xctest */,
			);
			name = Products;
			sourceTree = "<group>";
		};
		8ADA6F651F771FB300835E3E /* Calculator */ = {
			isa = PBXGroup;
			children = (
				8ADA6F661F771FB300835E3E /* AppDelegate.swift */,
				8ADA6F681F771FB300835E3E /* ViewController.swift */,
				8ADA6F6A1F771FB300835E3E /* Main.storyboard */,
				8ADA6F6D1F771FB300835E3E /* Assets.xcassets */,
				8ADA6F6F1F771FB300835E3E /* LaunchScreen.storyboard */,
				8A7193891F7AD86D00CD2716 /* Calculator_256.png */,
				8ADA6F721F771FB300835E3E /* Info.plist */,
			);
			path = Calculator;
			sourceTree = "<group>";
		};
		8ADA6F7A1F771FB300835E3E /* CalculatorTests */ = {
			isa = PBXGroup;
			children = (
				8ADA6F7B1F771FB300835E3E /* CalculatorTests.swift */,
				8ADA6F7D1F771FB300835E3E /* Info.plist */,
			);
			path = CalculatorTests;
			sourceTree = "<group>";
		};
		8ADA6F851F771FB300835E3E /* CalculatorUITests */ = {
			isa = PBXGroup;
			children = (
				8ADA6F861F771FB300835E3E /* CalculatorUITests.swift */,
				8ADA6F881F771FB300835E3E /* Info.plist */,
			);
			path = CalculatorUITests;
			sourceTree = "<group>";
		};
/* End PBXGroup section */

/* Begin PBXNativeTarget section */
		8ADA6F621F771FB300835E3E /* Calculator */ = {
			isa = PBXNativeTarget;
			buildConfigurationList = 8ADA6F8B1F771FB300835E3E /* Build configuration list for PBXNativeTarget "Calculator" */;
			buildPhases = (
				8ADA6F5F1F771FB300835E3E /* Sources */,
				8ADA6F601F771FB300835E3E /* Frameworks */,
				8ADA6F611F771FB300835E3E /* Resources */,
			);
			buildRules = (
			);
			dependencies = (
			);
			name = Calculator;
			productName = Calculator;
			productReference = 8ADA6F631F771FB300835E3E /* Calculator.app */;
			productType = "com.apple.product-type.application";
		};
		8ADA6F761F771FB300835E3E /* CalculatorTests */ = {
			isa = PBXNativeTarget;
			buildConfigurationList = 8ADA6F8E1F771FB300835E3E /* Build configuration list for PBXNativeTarget "CalculatorTests" */;
			buildPhases = (
				8ADA6F731F771FB300835E3E /* Sources */,
				8ADA6F741F771FB300835E3E /* Frameworks */,
				8ADA6F751F771FB300835E3E /* Resources */,
			);
			buildRules = (
			);
			dependencies = (
				8ADA6F791F771FB300835E3E /* PBXTargetDependency */,
			);
			name = CalculatorTests;
			productName = CalculatorTests;
			productReference = 8ADA6F771F771FB300835E3E /* CalculatorTests.xctest */;
			productType = "com.apple.product-type.bundle.unit-test";
		};
		8ADA6F811F771FB300835E3E /* CalculatorUITests */ = {
			isa = PBXNativeTarget;
			buildConfigurationList = 8ADA6F911F771FB300835E3E /* Build configuration list for PBXNativeTarget "CalculatorUITests" */;
			buildPhases = (
				8ADA6F7E1F771FB300835E3E /* Sources */,
				8ADA6F7F1F771FB300835E3E /* Frameworks */,
				8ADA6F801F771FB300835E3E /* Resources */,
			);
			buildRules = (
			);
			dependencies = (
				8ADA6F841F771FB300835E3E /* PBXTargetDependency */,
			);
			name = CalculatorUITests;
			productName = CalculatorUITests;
			productReference = 8ADA6F821F771FB300835E3E /* CalculatorUITests.xctest */;
			productType = "com.apple.product-type.bundle.ui-testing";
		};
/* End PBXNativeTarget section */

/* Begin PBXProject section */
		8ADA6F5B1F771FB300835E3E /* Project object */ = {
			isa = PBXProject;
			attributes = {
				LastSwiftUpdateCheck = 0900;
				LastUpgradeCheck = 0900;
				ORGANIZATIONNAME = "Santhosh Damodharan";
				TargetAttributes = {
					8ADA6F621F771FB300835E3E = {
						CreatedOnToolsVersion = 9.0;
						ProvisioningStyle = Automatic;
					};
					8ADA6F761F771FB300835E3E = {
						CreatedOnToolsVersion = 9.0;
						ProvisioningStyle = Automatic;
						TestTargetID = 8ADA6F621F771FB300835E3E;
					};
					8ADA6F811F771FB300835E3E = {
						CreatedOnToolsVersion = 9.0;
						ProvisioningStyle = Automatic;
						TestTargetID = 8ADA6F621F771FB300835E3E;
					};
				};
			};
			buildConfigurationList = 8ADA6F5E1F771FB300835E3E /* Build configuration list for PBXProject "Calculator" */;
			compatibilityVersion = "Xcode 8.0";
			developmentRegion = en;
			hasScannedForEncodings = 0;
			knownRegions = (
				en,
				Base,
			);
			mainGroup = 8ADA6F5A1F771FB300835E3E;
			productRefGroup = 8ADA6F641F771FB300835E3E /* Products */;
			projectDirPath = "";
			projectRoot = "";
			targets = (
				8ADA6F621F771FB300835E3E /* Calculator */,
				8ADA6F761F771FB300835E3E /* CalculatorTests */,
				8ADA6F811F771FB300835E3E /* CalculatorUITests */,
			);
		};
/* End PBXProject section */

/* Begin PBXResourcesBuildPhase section */
		8ADA6F611F771FB300835E3E /* Resources */ = {
			isa = PBXResourcesBuildPhase;
			buildActionMask = 2147483647;
			files = (
				8ADA6F711F771FB300835E3E /* LaunchScreen.storyboard in Resources */,
				8ADA6F6E1F771FB300835E3E /* Assets.xcassets in Resources */,
				8ADA6F6C1F771FB300835E3E /* Main.storyboard in Resources */,
				8A71938A1F7AD86E00CD2716 /* Calculator_256.png in Resources */,
			);
			runOnlyForDeploymentPostprocessing = 0;
		};
		8ADA6F751F771FB300835E3E /* Resources */ = {
			isa = PBXResourcesBuildPhase;
			buildActionMask = 2147483647;
			files = (
			);
			runOnlyForDeploymentPostprocessing = 0;
		};
		8ADA6F801F771FB300835E3E /* Resources */ = {
			isa = PBXResourcesBuildPhase;
			buildActionMask = 2147483647;
			files = (
			);
			runOnlyForDeploymentPostprocessing = 0;
		};
/* End PBXResourcesBuildPhase section */

/* Begin PBXSourcesBuildPhase section */
		8ADA6F5F1F771FB300835E3E /* Sources */ = {
			isa = PBXSourcesBuildPhase;
			buildActionMask = 2147483647;
			files = (
				8ADA6F691F771FB300835E3E /* ViewController.swift in Sources */,
				8ADA6F671F771FB300835E3E /* AppDelegate.swift in Sources */,
			);
			runOnlyForDeploymentPostprocessing = 0;
		};
		8ADA6F731F771FB300835E3E /* Sources */ = {
			isa = PBXSourcesBuildPhase;
			buildActionMask = 2147483647;
			files = (
				8ADA6F7C1F771FB300835E3E /* CalculatorTests.swift in Sources */,
			);
			runOnlyForDeploymentPostprocessing = 0;
		};
		8ADA6F7E1F771FB300835E3E /* Sources */ = {
			isa = PBXSourcesBuildPhase;
			buildActionMask = 2147483647;
			files = (
				8ADA6F871F771FB300835E3E /* CalculatorUITests.swift in Sources */,
			);
			runOnlyForDeploymentPostprocessing = 0;
		};
/* End PBXSourcesBuildPhase section */

/* Begin PBXTargetDependency section */
		8ADA6F791F771FB300835E3E /* PBXTargetDependency */ = {
			isa = PBXTargetDependency;
			target = 8ADA6F621F771FB300835E3E /* Calculator */;
			targetProxy = 8ADA6F781F771FB300835E3E /* PBXContainerItemProxy */;
		};
		8ADA6F841F771FB300835E3E /* PBXTargetDependency */ = {
			isa = PBXTargetDependency;
			target = 8ADA6F621F771FB300835E3E /* Calculator */;
			targetProxy = 8ADA6F831F771FB300835E3E /* PBXContainerItemProxy */;
		};
/* End PBXTargetDependency section */

/* Begin PBXVariantGroup section */
		8ADA6F6A1F771FB300835E3E /* Main.storyboard */ = {
			isa = PBXVariantGroup;
			children = (
				8ADA6F6B1F771FB300835E3E /* Base */,
			);
			name = Main.storyboard;
			sourceTree = "<group>";
		};
		8ADA6F6F1F771FB300835E3E /* LaunchScreen.storyboard */ = {
			isa = PBXVariantGroup;
			children = (
				8ADA6F701F771FB300835E3E /* Base */,
			);
			name = LaunchScreen.storyboard;
			sourceTree = "<group>";
		};
/* End PBXVariantGroup section */

/* Begin XCBuildConfiguration section */
		8ADA6F891F771FB300835E3E /* Debug */ = {
			isa = XCBuildConfiguration;
			buildSettings = {
				ALWAYS_SEARCH_USER_PATHS = NO;
				CLANG_ANALYZER_NONNULL = YES;
				CLANG_ANALYZER_NUMBER_OBJECT_CONVERSION = YES_AGGRESSIVE;
				CLANG_CXX_LANGUAGE_STANDARD = "gnu++14";
				CLANG_CXX_LIBRARY = "libc++";
				CLANG_ENABLE_MODULES = YES;
				CLANG_ENABLE_OBJC_ARC = YES;
				CLANG_WARN_BLOCK_CAPTURE_AUTORELEASING = YES;
				CLANG_WARN_BOOL_CONVERSION = YES;
				CLANG_WARN_COMMA = YES;
				CLANG_WARN_CONSTANT_CONVERSION = YES;
				CLANG_WARN_DIRECT_OBJC_ISA_USAGE = YES_ERROR;
				CLANG_WARN_DOCUMENTATION_COMMENTS = YES;
				CLANG_WARN_EMPTY_BODY = YES;
				CLANG_WARN_ENUM_CONVERSION = YES;
				CLANG_WARN_INFINITE_RECURSION = YES;
				CLANG_WARN_INT_CONVERSION = YES;
				CLANG_WARN_NON_LITERAL_NULL_CONVERSION = YES;
				CLANG_WARN_OBJC_LITERAL_CONVERSION = YES;
				CLANG_WARN_OBJC_ROOT_CLASS = YES_ERROR;
				CLANG_WARN_RANGE_LOOP_ANALYSIS = YES;
				CLANG_WARN_STRICT_PROTOTYPES = YES;
				CLANG_WARN_SUSPICIOUS_MOVE = YES;
				CLANG_WARN_UNGUARDED_AVAILABILITY = YES_AGGRESSIVE;
				CLANG_WARN_UNREACHABLE_CODE = YES;
				CLANG_WARN__DUPLICATE_METHOD_MATCH = YES;
				CODE_SIGN_IDENTITY = "iPhone Developer";
				COPY_PHASE_STRIP = NO;
				DEBUG_INFORMATION_FORMAT = dwarf;
				ENABLE_STRICT_OBJC_MSGSEND = YES;
				ENABLE_TESTABILITY = YES;
				GCC_C_LANGUAGE_STANDARD = gnu11;
				GCC_DYNAMIC_NO_PIC = NO;
				GCC_NO_COMMON_BLOCKS = YES;
				GCC_OPTIMIZATION_LEVEL = 0;
				GCC_PREPROCESSOR_DEFINITIONS = (
					"DEBUG=1",
					"$(inherited)",
				);
				GCC_WARN_64_TO_32_BIT_CONVERSION = YES;
				GCC_WARN_ABOUT_RETURN_TYPE = YES_ERROR;
				GCC_WARN_UNDECLARED_SELECTOR = YES;
				GCC_WARN_UNINITIALIZED_AUTOS = YES_AGGRESSIVE;
				GCC_WARN_UNUSED_FUNCTION = YES;
				GCC_WARN_UNUSED_VARIABLE = YES;
				IPHONEOS_DEPLOYMENT_TARGET = 11.0;
				MTL_ENABLE_DEBUG_INFO = YES;
				ONLY_ACTIVE_ARCH = YES;
				SDKROOT = iphoneos;
				SWIFT_ACTIVE_COMPILATION_CONDITIONS = DEBUG;
				SWIFT_OPTIMIZATION_LEVEL = "-Onone";
			};
			name = Debug;
		};
		8ADA6F8A1F771FB300835E3E /* Release */ = {
			isa = XCBuildConfiguration;
			buildSettings = {
				ALWAYS_SEARCH_USER_PATHS = NO;
				CLANG_ANALYZER_NONNULL = YES;
				CLANG_ANALYZER_NUMBER_OBJECT_CONVERSION = YES_AGGRESSIVE;
				CLANG_CXX_LANGUAGE_STANDARD = "gnu++14";
				CLANG_CXX_LIBRARY = "libc++";
				CLANG_ENABLE_MODULES = YES;
				CLANG_ENABLE_OBJC_ARC = YES;
				CLANG_WARN_BLOCK_CAPTURE_AUTORELEASING = YES;
				CLANG_WARN_BOOL_CONVERSION = YES;
				CLANG_WARN_COMMA = YES;
				CLANG_WARN_CONSTANT_CONVERSION = YES;
				CLANG_WARN_DIRECT_OBJC_ISA_USAGE = YES_ERROR;
				CLANG_WARN_DOCUMENTATION_COMMENTS = YES;
				CLANG_WARN_EMPTY_BODY = YES;
				CLANG_WARN_ENUM_CONVERSION = YES;
				CLANG_WARN_INFINITE_RECURSION = YES;
				CLANG_WARN_INT_CONVERSION = YES;
				CLANG_WARN_NON_LITERAL_NULL_CONVERSION = YES;
				CLANG_WARN_OBJC_LITERAL_CONVERSION = YES;
				CLANG_WARN_OBJC_ROOT_CLASS = YES_ERROR;
				CLANG_WARN_RANGE_LOOP_ANALYSIS = YES;
				CLANG_WARN_STRICT_PROTOTYPES = YES;
				CLANG_WARN_SUSPICIOUS_MOVE = YES;
				CLANG_WARN_UNGUARDED_AVAILABILITY = YES_AGGRESSIVE;
				CLANG_WARN_UNREACHABLE_CODE = YES;
				CLANG_WARN__DUPLICATE_METHOD_MATCH = YES;
				CODE_SIGN_IDENTITY = "iPhone Developer";
				COPY_PHASE_STRIP = NO;
				DEBUG_INFORMATION_FORMAT = "dwarf-with-dsym";
				ENABLE_NS_ASSERTIONS = NO;
				ENABLE_STRICT_OBJC_MSGSEND = YES;
				GCC_C_LANGUAGE_STANDARD = gnu11;
				GCC_NO_COMMON_BLOCKS = YES;
				GCC_WARN_64_TO_32_BIT_CONVERSION = YES;
				GCC_WARN_ABOUT_RETURN_TYPE = YES_ERROR;
				GCC_WARN_UNDECLARED_SELECTOR = YES;
				GCC_WARN_UNINITIALIZED_AUTOS = YES_AGGRESSIVE;
				GCC_WARN_UNUSED_FUNCTION = YES;
				GCC_WARN_UNUSED_VARIABLE = YES;
				IPHONEOS_DEPLOYMENT_TARGET = 11.0;
				MTL_ENABLE_DEBUG_INFO = NO;
				SDKROOT = iphoneos;
				SWIFT_OPTIMIZATION_LEVEL = "-Owholemodule";
				VALIDATE_PRODUCT = YES;
			};
			name = Release;
		};
		8ADA6F8C1F771FB300835E3E /* Debug */ = {
			isa = XCBuildConfiguration;
			buildSettings = {
				ASSETCATALOG_COMPILER_APPICON_NAME = AppIcon;
				CODE_SIGN_STYLE = Automatic;
				DEVELOPMENT_TEAM = 2BULHRS882;
				INFOPLIST_FILE = Calculator/Info.plist;
				LD_RUNPATH_SEARCH_PATHS = "$(inherited) @executable_path/Frameworks";
				PRODUCT_BUNDLE_IDENTIFIER = com.centennialcollege.Calculator;
				PRODUCT_NAME = "$(TARGET_NAME)";
				SWIFT_VERSION = 4.0;
				TARGETED_DEVICE_FAMILY = "1,2";
			};
			name = Debug;
		};
		8ADA6F8D1F771FB300835E3E /* Release */ = {
			isa = XCBuildConfiguration;
			buildSettings = {
				ASSETCATALOG_COMPILER_APPICON_NAME = AppIcon;
				CODE_SIGN_STYLE = Automatic;
				DEVELOPMENT_TEAM = 2BULHRS882;
				INFOPLIST_FILE = Calculator/Info.plist;
				LD_RUNPATH_SEARCH_PATHS = "$(inherited) @executable_path/Frameworks";
				PRODUCT_BUNDLE_IDENTIFIER = com.centennialcollege.Calculator;
				PRODUCT_NAME = "$(TARGET_NAME)";
				SWIFT_VERSION = 4.0;
				TARGETED_DEVICE_FAMILY = "1,2";
			};
			name = Release;
		};
		8ADA6F8F1F771FB300835E3E /* Debug */ = {
			isa = XCBuildConfiguration;
			buildSettings = {
				ALWAYS_EMBED_SWIFT_STANDARD_LIBRARIES = YES;
				BUNDLE_LOADER = "$(TEST_HOST)";
				CODE_SIGN_STYLE = Automatic;
				DEVELOPMENT_TEAM = 2BULHRS882;
				INFOPLIST_FILE = CalculatorTests/Info.plist;
				LD_RUNPATH_SEARCH_PATHS = "$(inherited) @executable_path/Frameworks @loader_path/Frameworks";
				PRODUCT_BUNDLE_IDENTIFIER = com.centennialcollege.CalculatorTests;
				PRODUCT_NAME = "$(TARGET_NAME)";
				SWIFT_VERSION = 4.0;
				TARGETED_DEVICE_FAMILY = "1,2";
				TEST_HOST = "$(BUILT_PRODUCTS_DIR)/Calculator.app/Calculator";
			};
			name = Debug;
		};
		8ADA6F901F771FB300835E3E /* Release */ = {
			isa = XCBuildConfiguration;
			buildSettings = {
				ALWAYS_EMBED_SWIFT_STANDARD_LIBRARIES = YES;
				BUNDLE_LOADER = "$(TEST_HOST)";
				CODE_SIGN_STYLE = Automatic;
				DEVELOPMENT_TEAM = 2BULHRS882;
				INFOPLIST_FILE = CalculatorTests/Info.plist;
				LD_RUNPATH_SEARCH_PATHS = "$(inherited) @executable_path/Frameworks @loader_path/Frameworks";
				PRODUCT_BUNDLE_IDENTIFIER = com.centennialcollege.CalculatorTests;
				PRODUCT_NAME = "$(TARGET_NAME)";
				SWIFT_VERSION = 4.0;
				TARGETED_DEVICE_FAMILY = "1,2";
				TEST_HOST = "$(BUILT_PRODUCTS_DIR)/Calculator.app/Calculator";
			};
			name = Release;
		};
		8ADA6F921F771FB300835E3E /* Debug */ = {
			isa = XCBuildConfiguration;
			buildSettings = {
				ALWAYS_EMBED_SWIFT_STANDARD_LIBRARIES = YES;
				CODE_SIGN_STYLE = Automatic;
				DEVELOPMENT_TEAM = 2BULHRS882;
				INFOPLIST_FILE = CalculatorUITests/Info.plist;
				LD_RUNPATH_SEARCH_PATHS = "$(inherited) @executable_path/Frameworks @loader_path/Frameworks";
				PRODUCT_BUNDLE_IDENTIFIER = com.centennialcollege.CalculatorUITests;
				PRODUCT_NAME = "$(TARGET_NAME)";
				SWIFT_VERSION = 4.0;
				TARGETED_DEVICE_FAMILY = "1,2";
				TEST_TARGET_NAME = Calculator;
			};
			name = Debug;
		};
		8ADA6F931F771FB300835E3E /* Release */ = {
			isa = XCBuildConfiguration;
			buildSettings = {
				ALWAYS_EMBED_SWIFT_STANDARD_LIBRARIES = YES;
				CODE_SIGN_STYLE = Automatic;
				DEVELOPMENT_TEAM = 2BULHRS882;
				INFOPLIST_FILE = CalculatorUITests/Info.plist;
				LD_RUNPATH_SEARCH_PATHS = "$(inherited) @executable_path/Frameworks @loader_path/Frameworks";
				PRODUCT_BUNDLE_IDENTIFIER = com.centennialcollege.CalculatorUITests;
				PRODUCT_NAME = "$(TARGET_NAME)";
				SWIFT_VERSION = 4.0;
				TARGETED_DEVICE_FAMILY = "1,2";
				TEST_TARGET_NAME = Calculator;
			};
			name = Release;
		};
/* End XCBuildConfiguration section */

/* Begin XCConfigurationList section */
		8ADA6F5E1F771FB300835E3E /* Build configuration list for PBXProject "Calculator" */ = {
			isa = XCConfigurationList;
			buildConfigurations = (
				8ADA6F891F771FB300835E3E /* Debug */,
				8ADA6F8A1F771FB300835E3E /* Release */,
			);
			defaultConfigurationIsVisible = 0;
			defaultConfigurationName = Release;
		};
		8ADA6F8B1F771FB300835E3E /* Build configuration list for PBXNativeTarget "Calculator" */ = {
			isa = XCConfigurationList;
			buildConfigurations = (
				8ADA6F8C1F771FB300835E3E /* Debug */,
				8ADA6F8D1F771FB300835E3E /* Release */,
			);
			defaultConfigurationIsVisible = 0;
			defaultConfigurationName = Release;
		};
		8ADA6F8E1F771FB300835E3E /* Build configuration list for PBXNativeTarget "CalculatorTests" */ = {
			isa = XCConfigurationList;
			buildConfigurations = (
				8ADA6F8F1F771FB300835E3E /* Debug */,
				8ADA6F901F771FB300835E3E /* Release */,
			);
			defaultConfigurationIsVisible = 0;
			defaultConfigurationName = Release;
		};
		8ADA6F911F771FB300835E3E /* Build configuration list for PBXNativeTarget "CalculatorUITests" */ = {
			isa = XCConfigurationList;
			buildConfigurations = (
				8ADA6F921F771FB300835E3E /* Debug */,
				8ADA6F931F771FB300835E3E /* Release */,
			);
			defaultConfigurationIsVisible = 0;
			defaultConfigurationName = Release;
		};
/* End XCConfigurationList section */
	};
	rootObject = 8ADA6F5B1F771FB300835E3E /* Project object */;
}
